
Microsoft Visual Studio Solution File, Format Version 12.00
# Visual Studio Version 16
VisualStudioVersion = 16.0.31729.503
MinimumVisualStudioVersion = 10.0.40219.1
Project("{FAE04EC0-301F-11D3-BF4B-00C04F79EFBC}") = "Biggest-number", "Biggest-number\Biggest-number.csproj", "{D162D376-FB3E-4B28-9135-769D6EB56903}"
EndProject
Global
	GlobalSection(SolutionConfigurationPlatforms) = preSolution
		Debug|Any CPU = Debug|Any CPU
		Release|Any CPU = Release|Any CPU
	EndGlobalSection
	GlobalSection(ProjectConfigurationPlatforms) = postSolution
		{D162D376-FB3E-4B28-9135-769D6EB56903}.Debug|Any CPU.ActiveCfg = Debug|Any CPU
		{D162D376-FB3E-4B28-9135-769D6EB56903}.Debug|Any CPU.Build.0 = Debug|Any CPU
		{D162D376-FB3E-4B28-9135-769D6EB56903}.Release|Any CPU.ActiveCfg = Release|Any CPU
		{D162D376-FB3E-4B28-9135-769D6EB56903}.Release|Any CPU.Build.0 = Release|Any CPU
	EndGlobalSection
	GlobalSection(SolutionProperties) = preSolution
		HideSolutionNode = FALSE
	EndGlobalSection
	GlobalSection(ExtensibilityGlobals) = postSolution
		SolutionGuid = {3B176CB8-6360-4D9F-980B-75BFDF041CF6}
	EndGlobalSection
EndGlobal
