
Microsoft Visual Studio Solution File, Format Version 12.00
# Visual Studio Version 16
VisualStudioVersion = 16.0.31729.503
MinimumVisualStudioVersion = 10.0.40219.1
Project("{FAE04EC0-301F-11D3-BF4B-00C04F79EFBC}") = "client-form", "client-form\client-form.csproj", "{F1DA2A00-3C69-416C-B237-DF5C8E48D787}"
EndProject
Global
	GlobalSection(SolutionConfigurationPlatforms) = preSolution
		Debug|Any CPU = Debug|Any CPU
		Release|Any CPU = Release|Any CPU
	EndGlobalSection
	GlobalSection(ProjectConfigurationPlatforms) = postSolution
		{F1DA2A00-3C69-416C-B237-DF5C8E48D787}.Debug|Any CPU.ActiveCfg = Debug|Any CPU
		{F1DA2A00-3C69-416C-B237-DF5C8E48D787}.Debug|Any CPU.Build.0 = Debug|Any CPU
		{F1DA2A00-3C69-416C-B237-DF5C8E48D787}.Release|Any CPU.ActiveCfg = Release|Any CPU
		{F1DA2A00-3C69-416C-B237-DF5C8E48D787}.Release|Any CPU.Build.0 = Release|Any CPU
	EndGlobalSection
	GlobalSection(SolutionProperties) = preSolution
		HideSolutionNode = FALSE
	EndGlobalSection
	GlobalSection(ExtensibilityGlobals) = postSolution
		SolutionGuid = {8E057687-6801-4EC2-8D74-E624CE15C871}
	EndGlobalSection
EndGlobal
