
Microsoft Visual Studio Solution File, Format Version 12.00
# Visual Studio Version 16
VisualStudioVersion = 16.0.31729.503
MinimumVisualStudioVersion = 10.0.40219.1
Project("{FAE04EC0-301F-11D3-BF4B-00C04F79EFBC}") = "Names-collection", "Names-collection\Names-collection.csproj", "{BE58A0F5-793F-472C-BE94-1E74EE721459}"
EndProject
Global
	GlobalSection(SolutionConfigurationPlatforms) = preSolution
		Debug|Any CPU = Debug|Any CPU
		Release|Any CPU = Release|Any CPU
	EndGlobalSection
	GlobalSection(ProjectConfigurationPlatforms) = postSolution
		{BE58A0F5-793F-472C-BE94-1E74EE721459}.Debug|Any CPU.ActiveCfg = Debug|Any CPU
		{BE58A0F5-793F-472C-BE94-1E74EE721459}.Debug|Any CPU.Build.0 = Debug|Any CPU
		{BE58A0F5-793F-472C-BE94-1E74EE721459}.Release|Any CPU.ActiveCfg = Release|Any CPU
		{BE58A0F5-793F-472C-BE94-1E74EE721459}.Release|Any CPU.Build.0 = Release|Any CPU
	EndGlobalSection
	GlobalSection(SolutionProperties) = preSolution
		HideSolutionNode = FALSE
	EndGlobalSection
	GlobalSection(ExtensibilityGlobals) = postSolution
		SolutionGuid = {C9CB2C97-8552-4553-9824-821853F11A54}
	EndGlobalSection
EndGlobal
